
Microsoft Visual Studio Solution File, Format Version 12.00
# Visual Studio Version 17
VisualStudioVersion = 17.14.36301.6
MinimumVisualStudioVersion = 10.0.40219.1
Project("{FAE04EC0-301F-11D3-BF4B-00C04F79EFBC}") = "PaymentOrkestrator", "PaymentOrkestrator.csproj", "{56600F1D-EBA8-49C1-84A2-77E291BEFA67}"
EndProject
Global
	GlobalSection(SolutionConfigurationPlatforms) = preSolution
		Debug|Any CPU = Debug|Any CPU
		Release|Any CPU = Release|Any CPU
	EndGlobalSection
	GlobalSection(ProjectConfigurationPlatforms) = postSolution
		{56600F1D-EBA8-49C1-84A2-77E291BEFA67}.Debug|Any CPU.ActiveCfg = Debug|Any CPU
		{56600F1D-EBA8-49C1-84A2-77E291BEFA67}.Debug|Any CPU.Build.0 = Debug|Any CPU
		{56600F1D-EBA8-49C1-84A2-77E291BEFA67}.Release|Any CPU.ActiveCfg = Release|Any CPU
		{56600F1D-EBA8-49C1-84A2-77E291BEFA67}.Release|Any CPU.Build.0 = Release|Any CPU
	EndGlobalSection
	GlobalSection(SolutionProperties) = preSolution
		HideSolutionNode = FALSE
	EndGlobalSection
	GlobalSection(ExtensibilityGlobals) = postSolution
		SolutionGuid = {9B027F85-E49A-4AC6-AEE6-5CC540EEE799}
	EndGlobalSection
EndGlobal
